
Microsoft Visual Studio Solution File, Format Version 12.00
# Visual Studio 2012
Project("{FAE04EC0-301F-11D3-BF4B-00C04F79EFBC}") = "AppsFlyerXamarinBindingiOS", "AppsFlyerXamarinBinding\AppsFlyerXamarinBindingiOS.csproj", "{F85DBA77-44A5-4037-A811-9707791A426F}"
EndProject
Project("{FAE04EC0-301F-11D3-BF4B-00C04F79EFBC}") = "AppsFlyerXamariniOSSampleApp", "AppsFlyerXamarinSampleApp\AppsFlyerXamariniOSSampleApp.csproj", "{AD177356-3C2F-4ECB-9331-66DAF62590E7}"
EndProject
Global
	GlobalSection(SolutionConfigurationPlatforms) = preSolution
		Debug|Any CPU = Debug|Any CPU
		Release|Any CPU = Release|Any CPU
		Debug|iPhoneSimulator = Debug|iPhoneSimulator
		Release|iPhone = Release|iPhone
		Release|iPhoneSimulator = Release|iPhoneSimulator
		Debug|iPhone = Debug|iPhone
	EndGlobalSection
	GlobalSection(ProjectConfigurationPlatforms) = postSolution
		{AD177356-3C2F-4ECB-9331-66DAF62590E7}.Debug|Any CPU.ActiveCfg = Debug|iPhoneSimulator
		{AD177356-3C2F-4ECB-9331-66DAF62590E7}.Debug|Any CPU.Build.0 = Debug|iPhoneSimulator
		{AD177356-3C2F-4ECB-9331-66DAF62590E7}.Debug|iPhone.ActiveCfg = Debug|iPhone
		{AD177356-3C2F-4ECB-9331-66DAF62590E7}.Debug|iPhone.Build.0 = Debug|iPhone
		{AD177356-3C2F-4ECB-9331-66DAF62590E7}.Debug|iPhoneSimulator.ActiveCfg = Debug|iPhoneSimulator
		{AD177356-3C2F-4ECB-9331-66DAF62590E7}.Debug|iPhoneSimulator.Build.0 = Debug|iPhoneSimulator
		{AD177356-3C2F-4ECB-9331-66DAF62590E7}.Release|Any CPU.ActiveCfg = Release|iPhone
		{AD177356-3C2F-4ECB-9331-66DAF62590E7}.Release|Any CPU.Build.0 = Release|iPhone
		{AD177356-3C2F-4ECB-9331-66DAF62590E7}.Release|iPhone.ActiveCfg = Release|iPhone
		{AD177356-3C2F-4ECB-9331-66DAF62590E7}.Release|iPhone.Build.0 = Release|iPhone
		{AD177356-3C2F-4ECB-9331-66DAF62590E7}.Release|iPhoneSimulator.ActiveCfg = Release|iPhoneSimulator
		{AD177356-3C2F-4ECB-9331-66DAF62590E7}.Release|iPhoneSimulator.Build.0 = Release|iPhoneSimulator
		{F85DBA77-44A5-4037-A811-9707791A426F}.Debug|Any CPU.ActiveCfg = Debug|Any CPU
		{F85DBA77-44A5-4037-A811-9707791A426F}.Debug|Any CPU.Build.0 = Debug|Any CPU
		{F85DBA77-44A5-4037-A811-9707791A426F}.Debug|iPhone.ActiveCfg = Debug|Any CPU
		{F85DBA77-44A5-4037-A811-9707791A426F}.Debug|iPhone.Build.0 = Debug|Any CPU
		{F85DBA77-44A5-4037-A811-9707791A426F}.Debug|iPhoneSimulator.ActiveCfg = Debug|Any CPU
		{F85DBA77-44A5-4037-A811-9707791A426F}.Debug|iPhoneSimulator.Build.0 = Debug|Any CPU
		{F85DBA77-44A5-4037-A811-9707791A426F}.Release|Any CPU.ActiveCfg = Release|Any CPU
		{F85DBA77-44A5-4037-A811-9707791A426F}.Release|Any CPU.Build.0 = Release|Any CPU
		{F85DBA77-44A5-4037-A811-9707791A426F}.Release|iPhone.ActiveCfg = Release|Any CPU
		{F85DBA77-44A5-4037-A811-9707791A426F}.Release|iPhone.Build.0 = Release|Any CPU
		{F85DBA77-44A5-4037-A811-9707791A426F}.Release|iPhoneSimulator.ActiveCfg = Release|Any CPU
		{F85DBA77-44A5-4037-A811-9707791A426F}.Release|iPhoneSimulator.Build.0 = Release|Any CPU
	EndGlobalSection
EndGlobal
